// !$*UTF8*$!
{
	archiveVersion = 1;
	classes = {
	};
	objectVersion = 46;
	objects = {

/* Begin PBXBuildFile section */
		17C12FB11EC97CEB004251B8 /* AppDelegate.swift in Sources */ = {isa = PBXBuildFile; fileRef = 17C12FB01EC97CEB004251B8 /* AppDelegate.swift */; };
		17C12FB31EC97CEB004251B8 /* ViewController.swift in Sources */ = {isa = PBXBuildFile; fileRef = 17C12FB21EC97CEB004251B8 /* ViewController.swift */; };
		17C12FB61EC97CEB004251B8 /* Main.storyboard in Resources */ = {isa = PBXBuildFile; fileRef = 17C12FB41EC97CEB004251B8 /* Main.storyboard */; };
		17C12FB81EC97CEB004251B8 /* Assets.xcassets in Resources */ = {isa = PBXBuildFile; fileRef = 17C12FB71EC97CEB004251B8 /* Assets.xcassets */; };
		17C12FBB1EC97CEB004251B8 /* LaunchScreen.storyboard in Resources */ = {isa = PBXBuildFile; fileRef = 17C12FB91EC97CEB004251B8 /* LaunchScreen.storyboard */; };
/* End PBXBuildFile section */

/* Begin PBXCopyFilesBuildPhase section */
		17C12FC91EC9800D004251B8 /* Embed Frameworks */ = {
			isa = PBXCopyFilesBuildPhase;
			buildActionMask = 2147483647;
			dstPath = "";
			dstSubfolderSpec = 10;
			files = (
			);
			name = "Embed Frameworks";
			runOnlyForDeploymentPostprocessing = 0;
		};
/* End PBXCopyFilesBuildPhase section */

/* Begin PBXFileReference section */
		17C12FAD1EC97CEB004251B8 /* TVPagePlayerDemo.app */ = {isa = PBXFileReference; explicitFileType = wrapper.application; includeInIndex = 0; path = TVPagePlayerDemo.app; sourceTree = BUILT_PRODUCTS_DIR; };
		17C12FB01EC97CEB004251B8 /* AppDelegate.swift */ = {isa = PBXFileReference; lastKnownFileType = sourcecode.swift; path = AppDelegate.swift; sourceTree = "<group>"; };
		17C12FB21EC97CEB004251B8 /* ViewController.swift */ = {isa = PBXFileReference; lastKnownFileType = sourcecode.swift; path = ViewController.swift; sourceTree = "<group>"; };
		17C12FB51EC97CEB004251B8 /* Base */ = {isa = PBXFileReference; lastKnownFileType = file.storyboard; name = Base; path = Base.lproj/Main.storyboard; sourceTree = "<group>"; };
		17C12FB71EC97CEB004251B8 /* Assets.xcassets */ = {isa = PBXFileReference; lastKnownFileType = folder.assetcatalog; path = Assets.xcassets; sourceTree = "<group>"; };
		17C12FBA1EC97CEB004251B8 /* Base */ = {isa = PBXFileReference; lastKnownFileType = file.storyboard; name = Base; path = Base.lproj/LaunchScreen.storyboard; sourceTree = "<group>"; };
		17C12FBC1EC97CEB004251B8 /* Info.plist */ = {isa = PBXFileReference; lastKnownFileType = text.plist.xml; path = Info.plist; sourceTree = "<group>"; };
/* End PBXFileReference section */

/* Begin PBXFrameworksBuildPhase section */
		17C12FAA1EC97CEA004251B8 /* Frameworks */ = {
			isa = PBXFrameworksBuildPhase;
			buildActionMask = 2147483647;
			files = (
			);
			runOnlyForDeploymentPostprocessing = 0;
		};
/* End PBXFrameworksBuildPhase section */

/* Begin PBXGroup section */
		17C12FA41EC97CEA004251B8 = {
			isa = PBXGroup;
			children = (
				17C12FAF1EC97CEB004251B8 /* TVPagePlayerDemo */,
				17C12FAE1EC97CEB004251B8 /* Products */,
			);
			sourceTree = "<group>";
		};
		17C12FAE1EC97CEB004251B8 /* Products */ = {
			isa = PBXGroup;
			children = (
				17C12FAD1EC97CEB004251B8 /* TVPagePlayerDemo.app */,
			);
			name = Products;
			sourceTree = "<group>";
		};
		17C12FAF1EC97CEB004251B8 /* TVPagePlayerDemo */ = {
			isa = PBXGroup;
			children = (
				17C12FC21EC97F71004251B8 /* Framework */,
				17C12FB01EC97CEB004251B8 /* AppDelegate.swift */,
				17C12FB21EC97CEB004251B8 /* ViewController.swift */,
				17C12FB41EC97CEB004251B8 /* Main.storyboard */,
				17C12FB71EC97CEB004251B8 /* Assets.xcassets */,
				17C12FB91EC97CEB004251B8 /* LaunchScreen.storyboard */,
				17C12FBC1EC97CEB004251B8 /* Info.plist */,
			);
			path = TVPagePlayerDemo;
			sourceTree = "<group>";
		};
		17C12FC21EC97F71004251B8 /* Framework */ = {
			isa = PBXGroup;
			children = (
			);
			path = Framework;
			sourceTree = "<group>";
		};
/* End PBXGroup section */

/* Begin PBXNativeTarget section */
		17C12FAC1EC97CEA004251B8 /* TVPagePlayerDemo */ = {
			isa = PBXNativeTarget;
			buildConfigurationList = 17C12FBF1EC97CEB004251B8 /* Build configuration list for PBXNativeTarget "TVPagePlayerDemo" */;
			buildPhases = (
				17C12FA91EC97CEA004251B8 /* Sources */,
				17C12FAA1EC97CEA004251B8 /* Frameworks */,
				17C12FAB1EC97CEA004251B8 /* Resources */,
				17C12FC91EC9800D004251B8 /* Embed Frameworks */,
			);
			buildRules = (
			);
			dependencies = (
			);
			name = TVPagePlayerDemo;
			productName = TVPagePlayerDemo;
			productReference = 17C12FAD1EC97CEB004251B8 /* TVPagePlayerDemo.app */;
			productType = "com.apple.product-type.application";
		};
/* End PBXNativeTarget section */

/* Begin PBXProject section */
		17C12FA51EC97CEA004251B8 /* Project object */ = {
			isa = PBXProject;
			attributes = {
				LastSwiftUpdateCheck = 0830;
				LastUpgradeCheck = 0830;
				ORGANIZATIONNAME = devubhamanek;
				TargetAttributes = {
					17C12FAC1EC97CEA004251B8 = {
						CreatedOnToolsVersion = 8.3.2;
						DevelopmentTeam = 657YYPPT89;
						ProvisioningStyle = Automatic;
					};
				};
			};
			buildConfigurationList = 17C12FA81EC97CEA004251B8 /* Build configuration list for PBXProject "TVPagePlayerDemo" */;
			compatibilityVersion = "Xcode 3.2";
			developmentRegion = English;
			hasScannedForEncodings = 0;
			knownRegions = (
				en,
				Base,
			);
			mainGroup = 17C12FA41EC97CEA004251B8;
			productRefGroup = 17C12FAE1EC97CEB004251B8 /* Products */;
			projectDirPath = "";
			projectRoot = "";
			targets = (
				17C12FAC1EC97CEA004251B8 /* TVPagePlayerDemo */,
			);
		};
/* End PBXProject section */

/* Begin PBXResourcesBuildPhase section */
		17C12FAB1EC97CEA004251B8 /* Resources */ = {
			isa = PBXResourcesBuildPhase;
			buildActionMask = 2147483647;
			files = (
				17C12FBB1EC97CEB004251B8 /* LaunchScreen.storyboard in Resources */,
				17C12FB81EC97CEB004251B8 /* Assets.xcassets in Resources */,
				17C12FB61EC97CEB004251B8 /* Main.storyboard in Resources */,
			);
			runOnlyForDeploymentPostprocessing = 0;
		};
/* End PBXResourcesBuildPhase section */

/* Begin PBXSourcesBuildPhase section */
		17C12FA91EC97CEA004251B8 /* Sources */ = {
			isa = PBXSourcesBuildPhase;
			buildActionMask = 2147483647;
			files = (
				17C12FB31EC97CEB004251B8 /* ViewController.swift in Sources */,
				17C12FB11EC97CEB004251B8 /* AppDelegate.swift in Sources */,
			);
			runOnlyForDeploymentPostprocessing = 0;
		};
/* End PBXSourcesBuildPhase section */

/* Begin PBXVariantGroup section */
		17C12FB41EC97CEB004251B8 /* Main.storyboard */ = {
			isa = PBXVariantGroup;
			children = (
				17C12FB51EC97CEB004251B8 /* Base */,
			);
			name = Main.storyboard;
			sourceTree = "<group>";
		};
		17C12FB91EC97CEB004251B8 /* LaunchScreen.storyboard */ = {
			isa = PBXVariantGroup;
			children = (
				17C12FBA1EC97CEB004251B8 /* Base */,
			);
			name = LaunchScreen.storyboard;
			sourceTree = "<group>";
		};
/* End PBXVariantGroup section */

/* Begin XCBuildConfiguration section */
		17C12FBD1EC97CEB004251B8 /* Debug */ = {
			isa = XCBuildConfiguration;
			buildSettings = {
				ALWAYS_SEARCH_USER_PATHS = NO;
				CLANG_ANALYZER_NONNULL = YES;
				CLANG_ANALYZER_NUMBER_OBJECT_CONVERSION = YES_AGGRESSIVE;
				CLANG_CXX_LANGUAGE_STANDARD = "gnu++0x";
				CLANG_CXX_LIBRARY = "libc++";
				CLANG_ENABLE_MODULES = YES;
				CLANG_ENABLE_OBJC_ARC = YES;
				CLANG_WARN_BOOL_CONVERSION = YES;
				CLANG_WARN_CONSTANT_CONVERSION = YES;
				CLANG_WARN_DIRECT_OBJC_ISA_USAGE = YES_ERROR;
				CLANG_WARN_DOCUMENTATION_COMMENTS = YES;
				CLANG_WARN_EMPTY_BODY = YES;
				CLANG_WARN_ENUM_CONVERSION = YES;
				CLANG_WARN_INFINITE_RECURSION = YES;
				CLANG_WARN_INT_CONVERSION = YES;
				CLANG_WARN_OBJC_ROOT_CLASS = YES_ERROR;
				CLANG_WARN_SUSPICIOUS_MOVE = YES;
				CLANG_WARN_UNREACHABLE_CODE = YES;
				CLANG_WARN__DUPLICATE_METHOD_MATCH = YES;
				"CODE_SIGN_IDENTITY[sdk=iphoneos*]" = "iPhone Developer";
				COPY_PHASE_STRIP = NO;
				DEBUG_INFORMATION_FORMAT = dwarf;
				ENABLE_STRICT_OBJC_MSGSEND = YES;
				ENABLE_TESTABILITY = YES;
				GCC_C_LANGUAGE_STANDARD = gnu99;
				GCC_DYNAMIC_NO_PIC = NO;
				GCC_NO_COMMON_BLOCKS = YES;
				GCC_OPTIMIZATION_LEVEL = 0;
				GCC_PREPROCESSOR_DEFINITIONS = (
					"DEBUG=1",
					"$(inherited)",
				);
				GCC_WARN_64_TO_32_BIT_CONVERSION = YES;
				GCC_WARN_ABOUT_RETURN_TYPE = YES_ERROR;
				GCC_WARN_UNDECLARED_SELECTOR = YES;
				GCC_WARN_UNINITIALIZED_AUTOS = YES_AGGRESSIVE;
				GCC_WARN_UNUSED_FUNCTION = YES;
				GCC_WARN_UNUSED_VARIABLE = YES;
				IPHONEOS_DEPLOYMENT_TARGET = 10.3;
				MTL_ENABLE_DEBUG_INFO = YES;
				ONLY_ACTIVE_ARCH = YES;
				SDKROOT = iphoneos;
				SWIFT_ACTIVE_COMPILATION_CONDITIONS = DEBUG;
				SWIFT_OPTIMIZATION_LEVEL = "-Onone";
				TARGETED_DEVICE_FAMILY = "1,2";
			};
			name = Debug;
		};
		17C12FBE1EC97CEB004251B8 /* Release */ = {
			isa = XCBuildConfiguration;
			buildSettings = {
				ALWAYS_SEARCH_USER_PATHS = NO;
				CLANG_ANALYZER_NONNULL = YES;
				CLANG_ANALYZER_NUMBER_OBJECT_CONVERSION = YES_AGGRESSIVE;
				CLANG_CXX_LANGUAGE_STANDARD = "gnu++0x";
				CLANG_CXX_LIBRARY = "libc++";
				CLANG_ENABLE_MODULES = YES;
				CLANG_ENABLE_OBJC_ARC = YES;
				CLANG_WARN_BOOL_CONVERSION = YES;
				CLANG_WARN_CONSTANT_CONVERSION = YES;
				CLANG_WARN_DIRECT_OBJC_ISA_USAGE = YES_ERROR;
				CLANG_WARN_DOCUMENTATION_COMMENTS = YES;
				CLANG_WARN_EMPTY_BODY = YES;
				CLANG_WARN_ENUM_CONVERSION = YES;
				CLANG_WARN_INFINITE_RECURSION = YES;
				CLANG_WARN_INT_CONVERSION = YES;
				CLANG_WARN_OBJC_ROOT_CLASS = YES_ERROR;
				CLANG_WARN_SUSPICIOUS_MOVE = YES;
				CLANG_WARN_UNREACHABLE_CODE = YES;
				CLANG_WARN__DUPLICATE_METHOD_MATCH = YES;
				"CODE_SIGN_IDENTITY[sdk=iphoneos*]" = "iPhone Developer";
				COPY_PHASE_STRIP = NO;
				DEBUG_INFORMATION_FORMAT = "dwarf-with-dsym";
				ENABLE_NS_ASSERTIONS = NO;
				ENABLE_STRICT_OBJC_MSGSEND = YES;
				GCC_C_LANGUAGE_STANDARD = gnu99;
				GCC_NO_COMMON_BLOCKS = YES;
				GCC_WARN_64_TO_32_BIT_CONVERSION = YES;
				GCC_WARN_ABOUT_RETURN_TYPE = YES_ERROR;
				GCC_WARN_UNDECLARED_SELECTOR = YES;
				GCC_WARN_UNINITIALIZED_AUTOS = YES_AGGRESSIVE;
				GCC_WARN_UNUSED_FUNCTION = YES;
				GCC_WARN_UNUSED_VARIABLE = YES;
				IPHONEOS_DEPLOYMENT_TARGET = 10.3;
				MTL_ENABLE_DEBUG_INFO = NO;
				SDKROOT = iphoneos;
				SWIFT_OPTIMIZATION_LEVEL = "-Owholemodule";
				TARGETED_DEVICE_FAMILY = "1,2";
				VALIDATE_PRODUCT = YES;
			};
			name = Release;
		};
		17C12FC01EC97CEB004251B8 /* Debug */ = {
			isa = XCBuildConfiguration;
			buildSettings = {
				ASSETCATALOG_COMPILER_APPICON_NAME = AppIcon;
				DEVELOPMENT_TEAM = 657YYPPT89;
				FRAMEWORK_SEARCH_PATHS = (
					"$(inherited)",
					"$(PROJECT_DIR)/TVPagePlayerDemo/Framework",
				);
				INFOPLIST_FILE = TVPagePlayerDemo/Info.plist;
				LD_RUNPATH_SEARCH_PATHS = "$(inherited) @executable_path/Frameworks";
				PRODUCT_BUNDLE_IDENTIFIER = com.TVPagePlayerDemo;
				PRODUCT_NAME = "$(TARGET_NAME)";
				SWIFT_VERSION = 3.0;
			};
			name = Debug;
		};
		17C12FC11EC97CEB004251B8 /* Release */ = {
			isa = XCBuildConfiguration;
			buildSettings = {
				ASSETCATALOG_COMPILER_APPICON_NAME = AppIcon;
				DEVELOPMENT_TEAM = 657YYPPT89;
				FRAMEWORK_SEARCH_PATHS = (
					"$(inherited)",
					"$(PROJECT_DIR)/TVPagePlayerDemo/Framework",
				);
				INFOPLIST_FILE = TVPagePlayerDemo/Info.plist;
				LD_RUNPATH_SEARCH_PATHS = "$(inherited) @executable_path/Frameworks";
				PRODUCT_BUNDLE_IDENTIFIER = com.TVPagePlayerDemo;
				PRODUCT_NAME = "$(TARGET_NAME)";
				SWIFT_VERSION = 3.0;
			};
			name = Release;
		};
/* End XCBuildConfiguration section */

/* Begin XCConfigurationList section */
		17C12FA81EC97CEA004251B8 /* Build configuration list for PBXProject "TVPagePlayerDemo" */ = {
			isa = XCConfigurationList;
			buildConfigurations = (
				17C12FBD1EC97CEB004251B8 /* Debug */,
				17C12FBE1EC97CEB004251B8 /* Release */,
			);
			defaultConfigurationIsVisible = 0;
			defaultConfigurationName = Release;
		};
		17C12FBF1EC97CEB004251B8 /* Build configuration list for PBXNativeTarget "TVPagePlayerDemo" */ = {
			isa = XCConfigurationList;
			buildConfigurations = (
				17C12FC01EC97CEB004251B8 /* Debug */,
				17C12FC11EC97CEB004251B8 /* Release */,
			);
			defaultConfigurationIsVisible = 0;
			defaultConfigurationName = Release;
		};
/* End XCConfigurationList section */
	};
	rootObject = 17C12FA51EC97CEA004251B8 /* Project object */;
}
